# This file is automatically @generated by Poetry 2.1.3 and should not be changed by hand.

[[package]]
name = "patterns"
version = "0.1.0"
description = "base patterns"
optional = false
python-versions = ">=3.12"
groups = ["main"]
files = []
develop = true

[package.source]
type = "directory"
url = "../../packages/patterns"

[metadata]
lock-version = "2.1"
python-versions = ">=3.12"
content-hash = "d221b0f99dd3642f58b4875f86543839e53aa1f32a2ad811a656be66baa6d59b"
